
Microsoft Visual Studio Solution File, Format Version 12.00
# Visual Studio Version 17
VisualStudioVersion = 17.4.33213.308
MinimumVisualStudioVersion = 10.0.40219.1
Project("{FAE04EC0-301F-11D3-BF4B-00C04F79EFBC}") = "LogicalPrograms", "LogicalPrograms\LogicalPrograms.csproj", "{68B96BD6-3ECC-4450-B56D-E93F288DCAE5}"
EndProject
Global
	GlobalSection(SolutionConfigurationPlatforms) = preSolution
		Debug|Any CPU = Debug|Any CPU
		Release|Any CPU = Release|Any CPU
	EndGlobalSection
	GlobalSection(ProjectConfigurationPlatforms) = postSolution
		{68B96BD6-3ECC-4450-B56D-E93F288DCAE5}.Debug|Any CPU.ActiveCfg = Debug|Any CPU
		{68B96BD6-3ECC-4450-B56D-E93F288DCAE5}.Debug|Any CPU.Build.0 = Debug|Any CPU
		{68B96BD6-3ECC-4450-B56D-E93F288DCAE5}.Release|Any CPU.ActiveCfg = Release|Any CPU
		{68B96BD6-3ECC-4450-B56D-E93F288DCAE5}.Release|Any CPU.Build.0 = Release|Any CPU
	EndGlobalSection
	GlobalSection(SolutionProperties) = preSolution
		HideSolutionNode = FALSE
	EndGlobalSection
	GlobalSection(ExtensibilityGlobals) = postSolution
		SolutionGuid = {18680CA9-5148-4A0D-8CBD-9A45AE6D597C}
	EndGlobalSection
EndGlobal
